
Microsoft Visual Studio Solution File, Format Version 12.00
# Visual Studio 15
VisualStudioVersion = 15.0.28307.705
MinimumVisualStudioVersion = 10.0.40219.1
Project("{FAE04EC0-301F-11D3-BF4B-00C04F79EFBC}") = "WebPIC8", "WebPIC8\WebPIC8.csproj", "{073FCC01-12D3-4A8D-B311-7B8B76F2A9CD}"
EndProject
Global
	GlobalSection(SolutionConfigurationPlatforms) = preSolution
		Debug|Any CPU = Debug|Any CPU
		Release|Any CPU = Release|Any CPU
	EndGlobalSection
	GlobalSection(ProjectConfigurationPlatforms) = postSolution
		{073FCC01-12D3-4A8D-B311-7B8B76F2A9CD}.Debug|Any CPU.ActiveCfg = Debug|Any CPU
		{073FCC01-12D3-4A8D-B311-7B8B76F2A9CD}.Debug|Any CPU.Build.0 = Debug|Any CPU
		{073FCC01-12D3-4A8D-B311-7B8B76F2A9CD}.Release|Any CPU.ActiveCfg = Release|Any CPU
		{073FCC01-12D3-4A8D-B311-7B8B76F2A9CD}.Release|Any CPU.Build.0 = Release|Any CPU
	EndGlobalSection
	GlobalSection(SolutionProperties) = preSolution
		HideSolutionNode = FALSE
	EndGlobalSection
	GlobalSection(ExtensibilityGlobals) = postSolution
		SolutionGuid = {06F5C9AC-53AC-46E6-950F-00A07E646EA2}
	EndGlobalSection
EndGlobal
